# This file is autogenerated, do not edit; changes may be undone by the next 'dep ensure'.


[[projects]]
  name = "github.com/h2non/bimg"
  packages = ["."]
  revision = "d92030a6c2ccc23a71bf820483b3e5cc659ec5db"
  version = "v1.1.2"

[[projects]]
  name = "github.com/pelletier/go-toml"
  packages = ["."]
  revision = "16c9a8bdc086a2130a88eff98df4088e4c359bb2"
  version = "v1.8.0"

[[projects]]
  name = "github.com/sirupsen/logrus"
  packages = ["."]
  revision = "418b41d23a1bf978c06faea5313ba194650ac088"
  version = "v0.8.7"

[solve-meta]
  analyzer-name = "dep"
  analyzer-version = 1
  inputs-digest = "74a521b91c8b9a395da5b6809fd99a0d073e3d2f881018e78b4b19451d87b6a6"
  solver-name = "gps-cdcl"
  solver-version = 1
